
Microsoft Visual Studio Solution File, Format Version 12.00
# Visual Studio Version 17
VisualStudioVersion = 17.12.35309.182
MinimumVisualStudioVersion = 10.0.40219.1
Project("{FAE04EC0-301F-11D3-BF4B-00C04F79EFBC}") = "SentimentScorer", "SentimentScorer\SentimentScorer.csproj", "{759CA26A-2859-4CE1-8DAC-FB806C485BDE}"
EndProject
Project("{FAE04EC0-301F-11D3-BF4B-00C04F79EFBC}") = "TweetProcessor", "TweetProcessor\TweetProcessor.csproj", "{7FC12C9C-09EA-473F-ADD3-8E06E3655E69}"
EndProject
Project("{FAE04EC0-301F-11D3-BF4B-00C04F79EFBC}") = "TweetViewer", "TweetViewer\TweetViewer.csproj", "{893CC4C3-3FDF-4D18-AA52-F46909F773F7}"
EndProject
Project("{FAE04EC0-301F-11D3-BF4B-00C04F79EFBC}") = "TweetProvider", "TweetProvider\TweetProvider.csproj", "{312EF84A-F79D-44CB-9888-B133CF751C1E}"
EndProject
Project("{E53339B2-1760-4266-BCC7-CA923CBCF16C}") = "docker-compose", "docker-compose.dcproj", "{868F774D-8BF4-4BAD-AE0C-2E8C3F419C03}"
EndProject
Global
	GlobalSection(SolutionConfigurationPlatforms) = preSolution
		Debug|Any CPU = Debug|Any CPU
		Release|Any CPU = Release|Any CPU
	EndGlobalSection
	GlobalSection(ProjectConfigurationPlatforms) = postSolution
		{759CA26A-2859-4CE1-8DAC-FB806C485BDE}.Debug|Any CPU.ActiveCfg = Debug|Any CPU
		{759CA26A-2859-4CE1-8DAC-FB806C485BDE}.Debug|Any CPU.Build.0 = Debug|Any CPU
		{759CA26A-2859-4CE1-8DAC-FB806C485BDE}.Release|Any CPU.ActiveCfg = Release|Any CPU
		{759CA26A-2859-4CE1-8DAC-FB806C485BDE}.Release|Any CPU.Build.0 = Release|Any CPU
		{7FC12C9C-09EA-473F-ADD3-8E06E3655E69}.Debug|Any CPU.ActiveCfg = Debug|Any CPU
		{7FC12C9C-09EA-473F-ADD3-8E06E3655E69}.Debug|Any CPU.Build.0 = Debug|Any CPU
		{7FC12C9C-09EA-473F-ADD3-8E06E3655E69}.Release|Any CPU.ActiveCfg = Release|Any CPU
		{7FC12C9C-09EA-473F-ADD3-8E06E3655E69}.Release|Any CPU.Build.0 = Release|Any CPU
		{893CC4C3-3FDF-4D18-AA52-F46909F773F7}.Debug|Any CPU.ActiveCfg = Debug|Any CPU
		{893CC4C3-3FDF-4D18-AA52-F46909F773F7}.Debug|Any CPU.Build.0 = Debug|Any CPU
		{893CC4C3-3FDF-4D18-AA52-F46909F773F7}.Release|Any CPU.ActiveCfg = Release|Any CPU
		{893CC4C3-3FDF-4D18-AA52-F46909F773F7}.Release|Any CPU.Build.0 = Release|Any CPU
		{312EF84A-F79D-44CB-9888-B133CF751C1E}.Debug|Any CPU.ActiveCfg = Debug|Any CPU
		{312EF84A-F79D-44CB-9888-B133CF751C1E}.Debug|Any CPU.Build.0 = Debug|Any CPU
		{312EF84A-F79D-44CB-9888-B133CF751C1E}.Release|Any CPU.ActiveCfg = Release|Any CPU
		{312EF84A-F79D-44CB-9888-B133CF751C1E}.Release|Any CPU.Build.0 = Release|Any CPU
		{868F774D-8BF4-4BAD-AE0C-2E8C3F419C03}.Debug|Any CPU.ActiveCfg = Debug|Any CPU
		{868F774D-8BF4-4BAD-AE0C-2E8C3F419C03}.Debug|Any CPU.Build.0 = Debug|Any CPU
		{868F774D-8BF4-4BAD-AE0C-2E8C3F419C03}.Release|Any CPU.ActiveCfg = Release|Any CPU
		{868F774D-8BF4-4BAD-AE0C-2E8C3F419C03}.Release|Any CPU.Build.0 = Release|Any CPU
		{D1786E2B-CAA0-4B2D-A974-9845EB9E420F}.Debug|Any CPU.ActiveCfg = Debug
		{D1786E2B-CAA0-4B2D-A974-9845EB9E420F}.Debug|Any CPU.Build.0 = Debug
		{D1786E2B-CAA0-4B2D-A974-9845EB9E420F}.Release|Any CPU.ActiveCfg = Release
		{D1786E2B-CAA0-4B2D-A974-9845EB9E420F}.Release|Any CPU.Build.0 = Release
	EndGlobalSection
	GlobalSection(SolutionProperties) = preSolution
		HideSolutionNode = FALSE
	EndGlobalSection
	GlobalSection(ExtensibilityGlobals) = postSolution
		SolutionGuid = {B9C61AD8-0D46-4884-A8E1-5B2D65A7AB93}
	EndGlobalSection
EndGlobal
